
Microsoft Visual Studio Solution File, Format Version 12.00
# Visual Studio Version 16
VisualStudioVersion = 16.0.29020.237
MinimumVisualStudioVersion = 10.0.40219.1
Project("{FAE04EC0-301F-11D3-BF4B-00C04F79EFBC}") = "MVPStudioReactTemplate", "MVPStudioReactTemplate\MVPStudioReactTemplate.csproj", "{02EC9C19-38EE-42C0-BAD9-81C8A9EFA937}"
EndProject
Global
	GlobalSection(SolutionConfigurationPlatforms) = preSolution
		Debug|Any CPU = Debug|Any CPU
		Release|Any CPU = Release|Any CPU
	EndGlobalSection
	GlobalSection(ProjectConfigurationPlatforms) = postSolution
		{02EC9C19-38EE-42C0-BAD9-81C8A9EFA937}.Debug|Any CPU.ActiveCfg = Debug|Any CPU
		{02EC9C19-38EE-42C0-BAD9-81C8A9EFA937}.Debug|Any CPU.Build.0 = Debug|Any CPU
		{02EC9C19-38EE-42C0-BAD9-81C8A9EFA937}.Release|Any CPU.ActiveCfg = Release|Any CPU
		{02EC9C19-38EE-42C0-BAD9-81C8A9EFA937}.Release|Any CPU.Build.0 = Release|Any CPU
	EndGlobalSection
	GlobalSection(SolutionProperties) = preSolution
		HideSolutionNode = FALSE
	EndGlobalSection
	GlobalSection(ExtensibilityGlobals) = postSolution
		SolutionGuid = {762883FE-3A0D-422B-AD65-8CD6C86465FC}
	EndGlobalSection
EndGlobal
